
Microsoft Visual Studio Solution File, Format Version 12.00
# Visual Studio 14
VisualStudioVersion = 14.0.23107.0
MinimumVisualStudioVersion = 10.0.40219.1
Project("{FAE04EC0-301F-11D3-BF4B-00C04F79EFBC}") = "EMRCorefResol.Core", "EMRCorefResol.Core\EMRCorefResol.Core.csproj", "{66284726-8E94-4438-B366-F14B04874734}"
EndProject
Project("{FAE04EC0-301F-11D3-BF4B-00C04F79EFBC}") = "EMRCorefResol.ConsoleTest", "EMRCorefResol.ConsoleTest\EMRCorefResol.ConsoleTest.csproj", "{6E75048B-FAD4-4A0F-9B47-6704DA6788B9}"
EndProject
Project("{FAE04EC0-301F-11D3-BF4B-00C04F79EFBC}") = "EMRCorefResol.English", "EMRCorefResol.English\EMRCorefResol.English.csproj", "{431BA8EE-38D6-4AA1-97AF-8E94889AAECC}"
EndProject
Project("{FAE04EC0-301F-11D3-BF4B-00C04F79EFBC}") = "EMRCorefResol.UITest", "EMRCorefResol.UITest\EMRCorefResol.UITest.csproj", "{01A52B4C-9696-47CA-98D5-A1CFF28389A1}"
EndProject
Project("{FAE04EC0-301F-11D3-BF4B-00C04F79EFBC}") = "EMRCorefResol.Classification", "EMRCorefResol.Classification\EMRCorefResol.Classification.csproj", "{34B8AE46-9AB3-43B2-935D-1E8A8815FB04}"
EndProject
Project("{FAE04EC0-301F-11D3-BF4B-00C04F79EFBC}") = "EMRCorefResol.FeatureConsole", "EMRCorefResol.FeatureConsole\EMRCorefResol.FeatureConsole.csproj", "{7B530F6F-E039-4367-818F-D062A45D53E8}"
EndProject
Global
	GlobalSection(SolutionConfigurationPlatforms) = preSolution
		Debug|Any CPU = Debug|Any CPU
		Debug|x64 = Debug|x64
		Debug|x86 = Debug|x86
		Release|Any CPU = Release|Any CPU
		Release|x64 = Release|x64
		Release|x86 = Release|x86
	EndGlobalSection
	GlobalSection(ProjectConfigurationPlatforms) = postSolution
		{66284726-8E94-4438-B366-F14B04874734}.Debug|Any CPU.ActiveCfg = Debug|Any CPU
		{66284726-8E94-4438-B366-F14B04874734}.Debug|Any CPU.Build.0 = Debug|Any CPU
		{66284726-8E94-4438-B366-F14B04874734}.Debug|x64.ActiveCfg = Debug|x64
		{66284726-8E94-4438-B366-F14B04874734}.Debug|x64.Build.0 = Debug|x64
		{66284726-8E94-4438-B366-F14B04874734}.Debug|x86.ActiveCfg = Debug|x86
		{66284726-8E94-4438-B366-F14B04874734}.Debug|x86.Build.0 = Debug|x86
		{66284726-8E94-4438-B366-F14B04874734}.Release|Any CPU.ActiveCfg = Release|Any CPU
		{66284726-8E94-4438-B366-F14B04874734}.Release|Any CPU.Build.0 = Release|Any CPU
		{66284726-8E94-4438-B366-F14B04874734}.Release|x64.ActiveCfg = Release|x64
		{66284726-8E94-4438-B366-F14B04874734}.Release|x64.Build.0 = Release|x64
		{66284726-8E94-4438-B366-F14B04874734}.Release|x86.ActiveCfg = Release|x86
		{66284726-8E94-4438-B366-F14B04874734}.Release|x86.Build.0 = Release|x86
		{6E75048B-FAD4-4A0F-9B47-6704DA6788B9}.Debug|Any CPU.ActiveCfg = Debug|Any CPU
		{6E75048B-FAD4-4A0F-9B47-6704DA6788B9}.Debug|Any CPU.Build.0 = Debug|Any CPU
		{6E75048B-FAD4-4A0F-9B47-6704DA6788B9}.Debug|x64.ActiveCfg = Debug|x64
		{6E75048B-FAD4-4A0F-9B47-6704DA6788B9}.Debug|x64.Build.0 = Debug|x64
		{6E75048B-FAD4-4A0F-9B47-6704DA6788B9}.Debug|x86.ActiveCfg = Debug|x86
		{6E75048B-FAD4-4A0F-9B47-6704DA6788B9}.Debug|x86.Build.0 = Debug|x86
		{6E75048B-FAD4-4A0F-9B47-6704DA6788B9}.Release|Any CPU.ActiveCfg = Release|Any CPU
		{6E75048B-FAD4-4A0F-9B47-6704DA6788B9}.Release|Any CPU.Build.0 = Release|Any CPU
		{6E75048B-FAD4-4A0F-9B47-6704DA6788B9}.Release|x64.ActiveCfg = Debug|x64
		{6E75048B-FAD4-4A0F-9B47-6704DA6788B9}.Release|x64.Build.0 = Debug|x64
		{6E75048B-FAD4-4A0F-9B47-6704DA6788B9}.Release|x86.ActiveCfg = Release|x86
		{6E75048B-FAD4-4A0F-9B47-6704DA6788B9}.Release|x86.Build.0 = Release|x86
		{431BA8EE-38D6-4AA1-97AF-8E94889AAECC}.Debug|Any CPU.ActiveCfg = Debug|Any CPU
		{431BA8EE-38D6-4AA1-97AF-8E94889AAECC}.Debug|Any CPU.Build.0 = Debug|Any CPU
		{431BA8EE-38D6-4AA1-97AF-8E94889AAECC}.Debug|x64.ActiveCfg = Debug|x64
		{431BA8EE-38D6-4AA1-97AF-8E94889AAECC}.Debug|x64.Build.0 = Debug|x64
		{431BA8EE-38D6-4AA1-97AF-8E94889AAECC}.Debug|x86.ActiveCfg = Debug|x86
		{431BA8EE-38D6-4AA1-97AF-8E94889AAECC}.Debug|x86.Build.0 = Debug|x86
		{431BA8EE-38D6-4AA1-97AF-8E94889AAECC}.Release|Any CPU.ActiveCfg = Release|Any CPU
		{431BA8EE-38D6-4AA1-97AF-8E94889AAECC}.Release|Any CPU.Build.0 = Release|Any CPU
		{431BA8EE-38D6-4AA1-97AF-8E94889AAECC}.Release|x64.ActiveCfg = Release|x64
		{431BA8EE-38D6-4AA1-97AF-8E94889AAECC}.Release|x64.Build.0 = Release|x64
		{431BA8EE-38D6-4AA1-97AF-8E94889AAECC}.Release|x86.ActiveCfg = Release|x86
		{431BA8EE-38D6-4AA1-97AF-8E94889AAECC}.Release|x86.Build.0 = Release|x86
		{01A52B4C-9696-47CA-98D5-A1CFF28389A1}.Debug|Any CPU.ActiveCfg = Debug|Any CPU
		{01A52B4C-9696-47CA-98D5-A1CFF28389A1}.Debug|Any CPU.Build.0 = Debug|Any CPU
		{01A52B4C-9696-47CA-98D5-A1CFF28389A1}.Debug|x64.ActiveCfg = Debug|x64
		{01A52B4C-9696-47CA-98D5-A1CFF28389A1}.Debug|x64.Build.0 = Debug|x64
		{01A52B4C-9696-47CA-98D5-A1CFF28389A1}.Debug|x86.ActiveCfg = Debug|x86
		{01A52B4C-9696-47CA-98D5-A1CFF28389A1}.Debug|x86.Build.0 = Debug|x86
		{01A52B4C-9696-47CA-98D5-A1CFF28389A1}.Release|Any CPU.ActiveCfg = Release|Any CPU
		{01A52B4C-9696-47CA-98D5-A1CFF28389A1}.Release|Any CPU.Build.0 = Release|Any CPU
		{01A52B4C-9696-47CA-98D5-A1CFF28389A1}.Release|x64.ActiveCfg = Release|x64
		{01A52B4C-9696-47CA-98D5-A1CFF28389A1}.Release|x64.Build.0 = Release|x64
		{01A52B4C-9696-47CA-98D5-A1CFF28389A1}.Release|x86.ActiveCfg = Release|Any CPU
		{01A52B4C-9696-47CA-98D5-A1CFF28389A1}.Release|x86.Build.0 = Release|Any CPU
		{34B8AE46-9AB3-43B2-935D-1E8A8815FB04}.Debug|Any CPU.ActiveCfg = Debug|Any CPU
		{34B8AE46-9AB3-43B2-935D-1E8A8815FB04}.Debug|Any CPU.Build.0 = Debug|Any CPU
		{34B8AE46-9AB3-43B2-935D-1E8A8815FB04}.Debug|x64.ActiveCfg = Debug|x64
		{34B8AE46-9AB3-43B2-935D-1E8A8815FB04}.Debug|x64.Build.0 = Debug|x64
		{34B8AE46-9AB3-43B2-935D-1E8A8815FB04}.Debug|x86.ActiveCfg = Debug|x86
		{34B8AE46-9AB3-43B2-935D-1E8A8815FB04}.Debug|x86.Build.0 = Debug|x86
		{34B8AE46-9AB3-43B2-935D-1E8A8815FB04}.Release|Any CPU.ActiveCfg = Release|Any CPU
		{34B8AE46-9AB3-43B2-935D-1E8A8815FB04}.Release|Any CPU.Build.0 = Release|Any CPU
		{34B8AE46-9AB3-43B2-935D-1E8A8815FB04}.Release|x64.ActiveCfg = Debug|x64
		{34B8AE46-9AB3-43B2-935D-1E8A8815FB04}.Release|x64.Build.0 = Debug|x64
		{34B8AE46-9AB3-43B2-935D-1E8A8815FB04}.Release|x86.ActiveCfg = Release|Any CPU
		{34B8AE46-9AB3-43B2-935D-1E8A8815FB04}.Release|x86.Build.0 = Release|Any CPU
		{7B530F6F-E039-4367-818F-D062A45D53E8}.Debug|Any CPU.ActiveCfg = Debug|Any CPU
		{7B530F6F-E039-4367-818F-D062A45D53E8}.Debug|Any CPU.Build.0 = Debug|Any CPU
		{7B530F6F-E039-4367-818F-D062A45D53E8}.Debug|x64.ActiveCfg = Debug|x64
		{7B530F6F-E039-4367-818F-D062A45D53E8}.Debug|x64.Build.0 = Debug|x64
		{7B530F6F-E039-4367-818F-D062A45D53E8}.Debug|x86.ActiveCfg = Debug|Any CPU
		{7B530F6F-E039-4367-818F-D062A45D53E8}.Debug|x86.Build.0 = Debug|Any CPU
		{7B530F6F-E039-4367-818F-D062A45D53E8}.Release|Any CPU.ActiveCfg = Release|Any CPU
		{7B530F6F-E039-4367-818F-D062A45D53E8}.Release|Any CPU.Build.0 = Release|Any CPU
		{7B530F6F-E039-4367-818F-D062A45D53E8}.Release|x64.ActiveCfg = Release|Any CPU
		{7B530F6F-E039-4367-818F-D062A45D53E8}.Release|x64.Build.0 = Release|Any CPU
		{7B530F6F-E039-4367-818F-D062A45D53E8}.Release|x86.ActiveCfg = Release|Any CPU
		{7B530F6F-E039-4367-818F-D062A45D53E8}.Release|x86.Build.0 = Release|Any CPU
	EndGlobalSection
	GlobalSection(SolutionProperties) = preSolution
		HideSolutionNode = FALSE
	EndGlobalSection
EndGlobal
